
Microsoft Visual Studio Solution File, Format Version 12.00
# Visual Studio Version 16
VisualStudioVersion = 25.0.1704.3
MinimumVisualStudioVersion = 10.0.40219.1
Project("{FAE04EC0-301F-11D3-BF4B-00C04F79EFBC}") = "LetterTracker", "LetterTracker\LetterTracker.csproj", "{1F09A521-4EF9-402B-BDA7-BE700D306E54}"
EndProject
Project("{FAE04EC0-301F-11D3-BF4B-00C04F79EFBC}") = "LetterTrackingTests", "LetterTrackingTests\LetterTrackingTests.csproj", "{A18BFFD2-1B1A-42FF-8210-6F8E7E57F42D}"
EndProject
Global
	GlobalSection(SolutionConfigurationPlatforms) = preSolution
		Debug|Any CPU = Debug|Any CPU
		Release|Any CPU = Release|Any CPU
	EndGlobalSection
	GlobalSection(ProjectConfigurationPlatforms) = postSolution
		{1F09A521-4EF9-402B-BDA7-BE700D306E54}.Debug|Any CPU.ActiveCfg = Debug|Any CPU
		{1F09A521-4EF9-402B-BDA7-BE700D306E54}.Debug|Any CPU.Build.0 = Debug|Any CPU
		{1F09A521-4EF9-402B-BDA7-BE700D306E54}.Release|Any CPU.ActiveCfg = Release|Any CPU
		{1F09A521-4EF9-402B-BDA7-BE700D306E54}.Release|Any CPU.Build.0 = Release|Any CPU
		{A18BFFD2-1B1A-42FF-8210-6F8E7E57F42D}.Debug|Any CPU.ActiveCfg = Debug|Any CPU
		{A18BFFD2-1B1A-42FF-8210-6F8E7E57F42D}.Debug|Any CPU.Build.0 = Debug|Any CPU
		{A18BFFD2-1B1A-42FF-8210-6F8E7E57F42D}.Release|Any CPU.ActiveCfg = Release|Any CPU
		{A18BFFD2-1B1A-42FF-8210-6F8E7E57F42D}.Release|Any CPU.Build.0 = Release|Any CPU
	EndGlobalSection
	GlobalSection(SolutionProperties) = preSolution
		HideSolutionNode = FALSE
	EndGlobalSection
	GlobalSection(ExtensibilityGlobals) = postSolution
		SolutionGuid = {7BEF0F8A-E011-4C66-86C2-9E9251D1A001}
	EndGlobalSection
EndGlobal
